
Microsoft Visual Studio Solution File, Format Version 12.00
# Visual Studio Version 17
VisualStudioVersion = 17.2.32630.192
MinimumVisualStudioVersion = 10.0.40219.1
Project("{FAE04EC0-301F-11D3-BF4B-00C04F79EFBC}") = "EV-Tuner", "EV-Tuner\EV-Tuner.csproj", "{02E415F1-A37C-44FE-B23A-DBB015CB6DBB}"
EndProject
Global
	GlobalSection(SolutionConfigurationPlatforms) = preSolution
		Debug|Any CPU = Debug|Any CPU
		Release|Any CPU = Release|Any CPU
	EndGlobalSection
	GlobalSection(ProjectConfigurationPlatforms) = postSolution
		{02E415F1-A37C-44FE-B23A-DBB015CB6DBB}.Debug|Any CPU.ActiveCfg = Debug|Any CPU
		{02E415F1-A37C-44FE-B23A-DBB015CB6DBB}.Debug|Any CPU.Build.0 = Debug|Any CPU
		{02E415F1-A37C-44FE-B23A-DBB015CB6DBB}.Release|Any CPU.ActiveCfg = Release|Any CPU
		{02E415F1-A37C-44FE-B23A-DBB015CB6DBB}.Release|Any CPU.Build.0 = Release|Any CPU
	EndGlobalSection
	GlobalSection(SolutionProperties) = preSolution
		HideSolutionNode = FALSE
	EndGlobalSection
	GlobalSection(ExtensibilityGlobals) = postSolution
		SolutionGuid = {D434E3CC-81EE-4466-ABC3-34BF312534D4}
	EndGlobalSection
EndGlobal
